// !$*UTF8*$!
{
	archiveVersion = 1;
	classes = {
	};
	objectVersion = 55;
	objects = {

/* Begin PBXBuildFile section */
		37AF5418CCEF2C7FADA1DD64 /* libPods-Properigram.a in Frameworks */ = {isa = PBXBuildFile; fileRef = 2FD9B0F789534C851088ECDA /* libPods-Properigram.a */; };
		5233FE3028663BB800C540AD /* ProperigramApp.swift in Sources */ = {isa = PBXBuildFile; fileRef = 5233FE2F28663BB800C540AD /* ProperigramApp.swift */; };
		5233FE3428663BBA00C540AD /* Assets.xcassets in Resources */ = {isa = PBXBuildFile; fileRef = 5233FE3328663BBA00C540AD /* Assets.xcassets */; };
		5233FE3728663BBA00C540AD /* Preview Assets.xcassets in Resources */ = {isa = PBXBuildFile; fileRef = 5233FE3628663BBA00C540AD /* Preview Assets.xcassets */; };
		5233FE552866443900C540AD /* BaseReqeust.swift in Sources */ = {isa = PBXBuildFile; fileRef = 5233FE472866443900C540AD /* BaseReqeust.swift */; };
		5233FE562866443900C540AD /* PropertiesRequest.swift in Sources */ = {isa = PBXBuildFile; fileRef = 5233FE482866443900C540AD /* PropertiesRequest.swift */; };
		5233FE572866443900C540AD /* Network.swift in Sources */ = {isa = PBXBuildFile; fileRef = 5233FE492866443900C540AD /* Network.swift */; };
		5233FE582866443900C540AD /* BaseError.swift in Sources */ = {isa = PBXBuildFile; fileRef = 5233FE4A2866443900C540AD /* BaseError.swift */; };
		5233FE592866443900C540AD /* BaseAPI.swift in Sources */ = {isa = PBXBuildFile; fileRef = 5233FE4C2866443900C540AD /* BaseAPI.swift */; };
		5233FE5A2866443900C540AD /* PropertyAPI.swift in Sources */ = {isa = PBXBuildFile; fileRef = 5233FE4D2866443900C540AD /* PropertyAPI.swift */; };
		5233FE5B2866443900C540AD /* PropertyRequester.swift in Sources */ = {isa = PBXBuildFile; fileRef = 5233FE4F2866443900C540AD /* PropertyRequester.swift */; };
		5233FE5C2866443900C540AD /* PropertyDetailsDTO.swift in Sources */ = {isa = PBXBuildFile; fileRef = 5233FE512866443900C540AD /* PropertyDetailsDTO.swift */; };
		5233FE5D2866443900C540AD /* PropertyDTO.swift in Sources */ = {isa = PBXBuildFile; fileRef = 5233FE522866443900C540AD /* PropertyDTO.swift */; };
		5233FE612866445600C540AD /* PropertyRepository.swift in Sources */ = {isa = PBXBuildFile; fileRef = 5233FE602866445600C540AD /* PropertyRepository.swift */; };
		5233FE642866455A00C540AD /* Localizable.strings in Resources */ = {isa = PBXBuildFile; fileRef = 5233FE662866455A00C540AD /* Localizable.strings */; };
		5233FE6A286645A800C540AD /* String+Localizable.swift in Sources */ = {isa = PBXBuildFile; fileRef = 5233FE69286645A800C540AD /* String+Localizable.swift */; };
		5233FE6F286645FB00C540AD /* PropertyDetails.swift in Sources */ = {isa = PBXBuildFile; fileRef = 5233FE6C286645FB00C540AD /* PropertyDetails.swift */; };
		5233FE70286645FB00C540AD /* Property.swift in Sources */ = {isa = PBXBuildFile; fileRef = 5233FE6D286645FB00C540AD /* Property.swift */; };
		5233FE71286645FB00C540AD /* PropertiesPage.swift in Sources */ = {isa = PBXBuildFile; fileRef = 5233FE6E286645FB00C540AD /* PropertiesPage.swift */; };
		5233FE732866493900C540AD /* Globals.swift in Sources */ = {isa = PBXBuildFile; fileRef = 5233FE722866493900C540AD /* Globals.swift */; };
		5233FE752866537700C540AD /* APIResponse.swift in Sources */ = {isa = PBXBuildFile; fileRef = 5233FE742866537700C540AD /* APIResponse.swift */; };
		5233FE7728665A2800C540AD /* PropertyPageDTO.swift in Sources */ = {isa = PBXBuildFile; fileRef = 5233FE7628665A2800C540AD /* PropertyPageDTO.swift */; };
		5233FE7A28665D9000C540AD /* PropertiesListDTO.swift in Sources */ = {isa = PBXBuildFile; fileRef = 5233FE7928665D9000C540AD /* PropertiesListDTO.swift */; };
		5233FE7D28668E5C00C540AD /* PropertiesListView.swift in Sources */ = {isa = PBXBuildFile; fileRef = 5233FE7C28668E5C00C540AD /* PropertiesListView.swift */; };
		5233FE7F28668E6600C540AD /* PropertiesListViewModel.swift in Sources */ = {isa = PBXBuildFile; fileRef = 5233FE7E28668E6600C540AD /* PropertiesListViewModel.swift */; };
		5233FE822866910000C540AD /* PropertyItemView.swift in Sources */ = {isa = PBXBuildFile; fileRef = 5233FE812866910000C540AD /* PropertyItemView.swift */; };
		5233FE842866910700C540AD /* PropertyItem.swift in Sources */ = {isa = PBXBuildFile; fileRef = 5233FE832866910700C540AD /* PropertyItem.swift */; };
		5233FE86286693E300C540AD /* Image+Constants.swift in Sources */ = {isa = PBXBuildFile; fileRef = 5233FE85286693E300C540AD /* Image+Constants.swift */; };
		5233FE882866A2AF00C540AD /* PropertiesListUseCase.swift in Sources */ = {isa = PBXBuildFile; fileRef = 5233FE872866A2AF00C540AD /* PropertiesListUseCase.swift */; };
		52C903802867691A009510D4 /* LoadingView.swift in Sources */ = {isa = PBXBuildFile; fileRef = 52C9037F2867691A009510D4 /* LoadingView.swift */; };
		52C903842867712D009510D4 /* AppError.swift in Sources */ = {isa = PBXBuildFile; fileRef = 52C903832867712D009510D4 /* AppError.swift */; };
		52C90386286771CC009510D4 /* BaseViewModel.swift in Sources */ = {isa = PBXBuildFile; fileRef = 52C90385286771CC009510D4 /* BaseViewModel.swift */; };
		52C9038928677D33009510D4 /* PropertyDetailsView.swift in Sources */ = {isa = PBXBuildFile; fileRef = 52C9038828677D33009510D4 /* PropertyDetailsView.swift */; };
		52C9038B28677D3E009510D4 /* PropertyDetailsViewModel.swift in Sources */ = {isa = PBXBuildFile; fileRef = 52C9038A28677D3E009510D4 /* PropertyDetailsViewModel.swift */; };
		52C9038D28677EFD009510D4 /* PropertiesListNavigator.swift in Sources */ = {isa = PBXBuildFile; fileRef = 52C9038C28677EFD009510D4 /* PropertiesListNavigator.swift */; };
		52C9039228677F94009510D4 /* AppicationFlow.swift in Sources */ = {isa = PBXBuildFile; fileRef = 52C9039128677F94009510D4 /* AppicationFlow.swift */; };
		52C9039428678284009510D4 /* PropertyDetailsNavigator.swift in Sources */ = {isa = PBXBuildFile; fileRef = 52C9039328678284009510D4 /* PropertyDetailsNavigator.swift */; };
		52C9039628678F98009510D4 /* PropertyImage.swift in Sources */ = {isa = PBXBuildFile; fileRef = 52C9039528678F98009510D4 /* PropertyImage.swift */; };
		52C9039E28679817009510D4 /* PropertyDetailsItem.swift in Sources */ = {isa = PBXBuildFile; fileRef = 52C9039D28679817009510D4 /* PropertyDetailsItem.swift */; };
		52C903A0286799D6009510D4 /* PropertyDetailsUseCase.swift in Sources */ = {isa = PBXBuildFile; fileRef = 52C9039F286799D6009510D4 /* PropertyDetailsUseCase.swift */; };
		52C903B22867A911009510D4 /* PropertiesListUseCaseMock.swift in Sources */ = {isa = PBXBuildFile; fileRef = 52C903B12867A911009510D4 /* PropertiesListUseCaseMock.swift */; };
		52CBA4B92867A9E100CBB8C8 /* PropertyDetailsUseCaseMock.swift in Sources */ = {isa = PBXBuildFile; fileRef = 52CBA4B82867A9E100CBB8C8 /* PropertyDetailsUseCaseMock.swift */; };
		52CBA4BC2867AA6A00CBB8C8 /* PropertyRepositoryMock.swift in Sources */ = {isa = PBXBuildFile; fileRef = 52CBA4BB2867AA6A00CBB8C8 /* PropertyRepositoryMock.swift */; };
		52CBA4BF2867AB6800CBB8C8 /* PropertiesDataMocks.swift in Sources */ = {isa = PBXBuildFile; fileRef = 52CBA4BE2867AB6800CBB8C8 /* PropertiesDataMocks.swift */; };
		52CBA4C32867AC6800CBB8C8 /* PropertiesListViewModelTests.swift in Sources */ = {isa = PBXBuildFile; fileRef = 52CBA4C22867AC6800CBB8C8 /* PropertiesListViewModelTests.swift */; };
		52CBA4C52867BF3E00CBB8C8 /* XCTestCase+Wait.swift in Sources */ = {isa = PBXBuildFile; fileRef = 52CBA4C42867BF3E00CBB8C8 /* XCTestCase+Wait.swift */; };
		52CBA4C92867D24B00CBB8C8 /* PropertyDetailsViewModelTests.swift in Sources */ = {isa = PBXBuildFile; fileRef = 52CBA4C82867D24B00CBB8C8 /* PropertyDetailsViewModelTests.swift */; };
		C1761E3C0D2027336AD0E326 /* libPods-ProperigramTests.a in Frameworks */ = {isa = PBXBuildFile; fileRef = 6874D1CC6A38D2B24F5C9BD6 /* libPods-ProperigramTests.a */; };
/* End PBXBuildFile section */

/* Begin PBXContainerItemProxy section */
		52C903A92867A819009510D4 /* PBXContainerItemProxy */ = {
			isa = PBXContainerItemProxy;
			containerPortal = 5233FE2428663BB800C540AD /* Project object */;
			proxyType = 1;
			remoteGlobalIDString = 5233FE2B28663BB800C540AD;
			remoteInfo = Properigram;
		};
/* End PBXContainerItemProxy section */

/* Begin PBXFileReference section */
		2FD9B0F789534C851088ECDA /* libPods-Properigram.a */ = {isa = PBXFileReference; explicitFileType = archive.ar; includeInIndex = 0; path = "libPods-Properigram.a"; sourceTree = BUILT_PRODUCTS_DIR; };
		41457800624BF99020D197BB /* Pods-ProperigramTests.debug.xcconfig */ = {isa = PBXFileReference; includeInIndex = 1; lastKnownFileType = text.xcconfig; name = "Pods-ProperigramTests.debug.xcconfig"; path = "Target Support Files/Pods-ProperigramTests/Pods-ProperigramTests.debug.xcconfig"; sourceTree = "<group>"; };
		5233FE2C28663BB800C540AD /* Properigram.app */ = {isa = PBXFileReference; explicitFileType = wrapper.application; includeInIndex = 0; path = Properigram.app; sourceTree = BUILT_PRODUCTS_DIR; };
		5233FE2F28663BB800C540AD /* ProperigramApp.swift */ = {isa = PBXFileReference; lastKnownFileType = sourcecode.swift; path = ProperigramApp.swift; sourceTree = "<group>"; };
		5233FE3328663BBA00C540AD /* Assets.xcassets */ = {isa = PBXFileReference; lastKnownFileType = folder.assetcatalog; path = Assets.xcassets; sourceTree = "<group>"; };
		5233FE3628663BBA00C540AD /* Preview Assets.xcassets */ = {isa = PBXFileReference; lastKnownFileType = folder.assetcatalog; path = "Preview Assets.xcassets"; sourceTree = "<group>"; };
		5233FE472866443900C540AD /* BaseReqeust.swift */ = {isa = PBXFileReference; fileEncoding = 4; lastKnownFileType = sourcecode.swift; path = BaseReqeust.swift; sourceTree = "<group>"; };
		5233FE482866443900C540AD /* PropertiesRequest.swift */ = {isa = PBXFileReference; fileEncoding = 4; lastKnownFileType = sourcecode.swift; path = PropertiesRequest.swift; sourceTree = "<group>"; };
		5233FE492866443900C540AD /* Network.swift */ = {isa = PBXFileReference; fileEncoding = 4; lastKnownFileType = sourcecode.swift; path = Network.swift; sourceTree = "<group>"; };
		5233FE4A2866443900C540AD /* BaseError.swift */ = {isa = PBXFileReference; fileEncoding = 4; lastKnownFileType = sourcecode.swift; path = BaseError.swift; sourceTree = "<group>"; };
		5233FE4C2866443900C540AD /* BaseAPI.swift */ = {isa = PBXFileReference; fileEncoding = 4; lastKnownFileType = sourcecode.swift; path = BaseAPI.swift; sourceTree = "<group>"; };
		5233FE4D2866443900C540AD /* PropertyAPI.swift */ = {isa = PBXFileReference; fileEncoding = 4; lastKnownFileType = sourcecode.swift; path = PropertyAPI.swift; sourceTree = "<group>"; };
		5233FE4F2866443900C540AD /* PropertyRequester.swift */ = {isa = PBXFileReference; fileEncoding = 4; lastKnownFileType = sourcecode.swift; path = PropertyRequester.swift; sourceTree = "<group>"; };
		5233FE512866443900C540AD /* PropertyDetailsDTO.swift */ = {isa = PBXFileReference; fileEncoding = 4; lastKnownFileType = sourcecode.swift; path = PropertyDetailsDTO.swift; sourceTree = "<group>"; };
		5233FE522866443900C540AD /* PropertyDTO.swift */ = {isa = PBXFileReference; fileEncoding = 4; lastKnownFileType = sourcecode.swift; path = PropertyDTO.swift; sourceTree = "<group>"; };
		5233FE602866445600C540AD /* PropertyRepository.swift */ = {isa = PBXFileReference; fileEncoding = 4; lastKnownFileType = sourcecode.swift; path = PropertyRepository.swift; sourceTree = "<group>"; };
		5233FE652866455A00C540AD /* en */ = {isa = PBXFileReference; lastKnownFileType = text.plist.strings; name = en; path = en.lproj/Localizable.strings; sourceTree = "<group>"; };
		5233FE69286645A800C540AD /* String+Localizable.swift */ = {isa = PBXFileReference; lastKnownFileType = sourcecode.swift; path = "String+Localizable.swift"; sourceTree = "<group>"; };
		5233FE6C286645FB00C540AD /* PropertyDetails.swift */ = {isa = PBXFileReference; fileEncoding = 4; lastKnownFileType = sourcecode.swift; path = PropertyDetails.swift; sourceTree = "<group>"; };
		5233FE6D286645FB00C540AD /* Property.swift */ = {isa = PBXFileReference; fileEncoding = 4; lastKnownFileType = sourcecode.swift; path = Property.swift; sourceTree = "<group>"; };
		5233FE6E286645FB00C540AD /* PropertiesPage.swift */ = {isa = PBXFileReference; fileEncoding = 4; lastKnownFileType = sourcecode.swift; path = PropertiesPage.swift; sourceTree = "<group>"; };
		5233FE722866493900C540AD /* Globals.swift */ = {isa = PBXFileReference; fileEncoding = 4; lastKnownFileType = sourcecode.swift; path = Globals.swift; sourceTree = "<group>"; };
		5233FE742866537700C540AD /* APIResponse.swift */ = {isa = PBXFileReference; lastKnownFileType = sourcecode.swift; path = APIResponse.swift; sourceTree = "<group>"; };
		5233FE7628665A2800C540AD /* PropertyPageDTO.swift */ = {isa = PBXFileReference; lastKnownFileType = sourcecode.swift; path = PropertyPageDTO.swift; sourceTree = "<group>"; };
		5233FE7928665D9000C540AD /* PropertiesListDTO.swift */ = {isa = PBXFileReference; lastKnownFileType = sourcecode.swift; path = PropertiesListDTO.swift; sourceTree = "<group>"; };
		5233FE7C28668E5C00C540AD /* PropertiesListView.swift */ = {isa = PBXFileReference; lastKnownFileType = sourcecode.swift; path = PropertiesListView.swift; sourceTree = "<group>"; };
		5233FE7E28668E6600C540AD /* PropertiesListViewModel.swift */ = {isa = PBXFileReference; lastKnownFileType = sourcecode.swift; path = PropertiesListViewModel.swift; sourceTree = "<group>"; };
		5233FE812866910000C540AD /* PropertyItemView.swift */ = {isa = PBXFileReference; lastKnownFileType = sourcecode.swift; path = PropertyItemView.swift; sourceTree = "<group>"; };
		5233FE832866910700C540AD /* PropertyItem.swift */ = {isa = PBXFileReference; lastKnownFileType = sourcecode.swift; path = PropertyItem.swift; sourceTree = "<group>"; };
		5233FE85286693E300C540AD /* Image+Constants.swift */ = {isa = PBXFileReference; lastKnownFileType = sourcecode.swift; path = "Image+Constants.swift"; sourceTree = "<group>"; };
		5233FE872866A2AF00C540AD /* PropertiesListUseCase.swift */ = {isa = PBXFileReference; lastKnownFileType = sourcecode.swift; path = PropertiesListUseCase.swift; sourceTree = "<group>"; };
		52C9037F2867691A009510D4 /* LoadingView.swift */ = {isa = PBXFileReference; lastKnownFileType = sourcecode.swift; path = LoadingView.swift; sourceTree = "<group>"; };
		52C903832867712D009510D4 /* AppError.swift */ = {isa = PBXFileReference; lastKnownFileType = sourcecode.swift; path = AppError.swift; sourceTree = "<group>"; };
		52C90385286771CC009510D4 /* BaseViewModel.swift */ = {isa = PBXFileReference; lastKnownFileType = sourcecode.swift; path = BaseViewModel.swift; sourceTree = "<group>"; };
		52C9038828677D33009510D4 /* PropertyDetailsView.swift */ = {isa = PBXFileReference; lastKnownFileType = sourcecode.swift; path = PropertyDetailsView.swift; sourceTree = "<group>"; };
		52C9038A28677D3E009510D4 /* PropertyDetailsViewModel.swift */ = {isa = PBXFileReference; lastKnownFileType = sourcecode.swift; path = PropertyDetailsViewModel.swift; sourceTree = "<group>"; };
		52C9038C28677EFD009510D4 /* PropertiesListNavigator.swift */ = {isa = PBXFileReference; lastKnownFileType = sourcecode.swift; path = PropertiesListNavigator.swift; sourceTree = "<group>"; };
		52C9039128677F94009510D4 /* AppicationFlow.swift */ = {isa = PBXFileReference; lastKnownFileType = sourcecode.swift; path = AppicationFlow.swift; sourceTree = "<group>"; };
		52C9039328678284009510D4 /* PropertyDetailsNavigator.swift */ = {isa = PBXFileReference; lastKnownFileType = sourcecode.swift; path = PropertyDetailsNavigator.swift; sourceTree = "<group>"; };
		52C9039528678F98009510D4 /* PropertyImage.swift */ = {isa = PBXFileReference; lastKnownFileType = sourcecode.swift; path = PropertyImage.swift; sourceTree = "<group>"; };
		52C9039D28679817009510D4 /* PropertyDetailsItem.swift */ = {isa = PBXFileReference; lastKnownFileType = sourcecode.swift; path = PropertyDetailsItem.swift; sourceTree = "<group>"; };
		52C9039F286799D6009510D4 /* PropertyDetailsUseCase.swift */ = {isa = PBXFileReference; lastKnownFileType = sourcecode.swift; path = PropertyDetailsUseCase.swift; sourceTree = "<group>"; };
		52C903A52867A819009510D4 /* ProperigramTests.xctest */ = {isa = PBXFileReference; explicitFileType = wrapper.cfbundle; includeInIndex = 0; path = ProperigramTests.xctest; sourceTree = BUILT_PRODUCTS_DIR; };
		52C903B12867A911009510D4 /* PropertiesListUseCaseMock.swift */ = {isa = PBXFileReference; lastKnownFileType = sourcecode.swift; path = PropertiesListUseCaseMock.swift; sourceTree = "<group>"; };
		52CBA4B82867A9E100CBB8C8 /* PropertyDetailsUseCaseMock.swift */ = {isa = PBXFileReference; lastKnownFileType = sourcecode.swift; path = PropertyDetailsUseCaseMock.swift; sourceTree = "<group>"; };
		52CBA4BB2867AA6A00CBB8C8 /* PropertyRepositoryMock.swift */ = {isa = PBXFileReference; lastKnownFileType = sourcecode.swift; path = PropertyRepositoryMock.swift; sourceTree = "<group>"; };
		52CBA4BE2867AB6800CBB8C8 /* PropertiesDataMocks.swift */ = {isa = PBXFileReference; lastKnownFileType = sourcecode.swift; path = PropertiesDataMocks.swift; sourceTree = "<group>"; };
		52CBA4C22867AC6800CBB8C8 /* PropertiesListViewModelTests.swift */ = {isa = PBXFileReference; lastKnownFileType = sourcecode.swift; path = PropertiesListViewModelTests.swift; sourceTree = "<group>"; };
		52CBA4C42867BF3E00CBB8C8 /* XCTestCase+Wait.swift */ = {isa = PBXFileReference; lastKnownFileType = sourcecode.swift; path = "XCTestCase+Wait.swift"; sourceTree = "<group>"; };
		52CBA4C82867D24B00CBB8C8 /* PropertyDetailsViewModelTests.swift */ = {isa = PBXFileReference; lastKnownFileType = sourcecode.swift; path = PropertyDetailsViewModelTests.swift; sourceTree = "<group>"; };
		6874D1CC6A38D2B24F5C9BD6 /* libPods-ProperigramTests.a */ = {isa = PBXFileReference; explicitFileType = archive.ar; includeInIndex = 0; path = "libPods-ProperigramTests.a"; sourceTree = BUILT_PRODUCTS_DIR; };
		747DE519D8E415DDB9EA7036 /* Pods-Properigram.release.xcconfig */ = {isa = PBXFileReference; includeInIndex = 1; lastKnownFileType = text.xcconfig; name = "Pods-Properigram.release.xcconfig"; path = "Target Support Files/Pods-Properigram/Pods-Properigram.release.xcconfig"; sourceTree = "<group>"; };
		75F2785DF81B4E214BB7CC1B /* Pods-ProperigramTests.release.xcconfig */ = {isa = PBXFileReference; includeInIndex = 1; lastKnownFileType = text.xcconfig; name = "Pods-ProperigramTests.release.xcconfig"; path = "Target Support Files/Pods-ProperigramTests/Pods-ProperigramTests.release.xcconfig"; sourceTree = "<group>"; };
		B0420D90799B62F9A2BA5EA0 /* Pods-Properigram.debug.xcconfig */ = {isa = PBXFileReference; includeInIndex = 1; lastKnownFileType = text.xcconfig; name = "Pods-Properigram.debug.xcconfig"; path = "Target Support Files/Pods-Properigram/Pods-Properigram.debug.xcconfig"; sourceTree = "<group>"; };
/* End PBXFileReference section */

/* Begin PBXFrameworksBuildPhase section */
		5233FE2928663BB800C540AD /* Frameworks */ = {
			isa = PBXFrameworksBuildPhase;
			buildActionMask = 2147483647;
			files = (
				37AF5418CCEF2C7FADA1DD64 /* libPods-Properigram.a in Frameworks */,
			);
			runOnlyForDeploymentPostprocessing = 0;
		};
		52C903A22867A819009510D4 /* Frameworks */ = {
			isa = PBXFrameworksBuildPhase;
			buildActionMask = 2147483647;
			files = (
				C1761E3C0D2027336AD0E326 /* libPods-ProperigramTests.a in Frameworks */,
			);
			runOnlyForDeploymentPostprocessing = 0;
		};
/* End PBXFrameworksBuildPhase section */

/* Begin PBXGroup section */
		5233FE2328663BB800C540AD = {
			isa = PBXGroup;
			children = (
				5233FE2E28663BB800C540AD /* Properigram */,
				52C903A62867A819009510D4 /* ProperigramTests */,
				5233FE2D28663BB800C540AD /* Products */,
				FE1F7A85C2CCC34DC225031F /* Pods */,
				65AA82791BB6800177B49155 /* Frameworks */,
			);
			sourceTree = "<group>";
		};
		5233FE2D28663BB800C540AD /* Products */ = {
			isa = PBXGroup;
			children = (
				5233FE2C28663BB800C540AD /* Properigram.app */,
				52C903A52867A819009510D4 /* ProperigramTests.xctest */,
			);
			name = Products;
			sourceTree = "<group>";
		};
		5233FE2E28663BB800C540AD /* Properigram */ = {
			isa = PBXGroup;
			children = (
				5233FE3D28663C9700C540AD /* App */,
				52C9037B286748FC009510D4 /* BaseClasses */,
				5233FE4328663E4C00C540AD /* Domain */,
				5233FE3E28663CA100C540AD /* Modules */,
				5233FE4028663CFD00C540AD /* Data */,
				5233FE672866458100C540AD /* Utils */,
				5233FE3F28663CB200C540AD /* Resources */,
				5233FE3528663BBA00C540AD /* Preview Content */,
			);
			path = Properigram;
			sourceTree = "<group>";
		};
		5233FE3528663BBA00C540AD /* Preview Content */ = {
			isa = PBXGroup;
			children = (
				5233FE3628663BBA00C540AD /* Preview Assets.xcassets */,
			);
			path = "Preview Content";
			sourceTree = "<group>";
		};
		5233FE3D28663C9700C540AD /* App */ = {
			isa = PBXGroup;
			children = (
				5233FE2F28663BB800C540AD /* ProperigramApp.swift */,
				52C9039128677F94009510D4 /* AppicationFlow.swift */,
			);
			path = App;
			sourceTree = "<group>";
		};
		5233FE3E28663CA100C540AD /* Modules */ = {
			isa = PBXGroup;
			children = (
				5233FE7B28668E4800C540AD /* PropertiesList */,
				52C9038728677D1F009510D4 /* PropertyDetails */,
			);
			path = Modules;
			sourceTree = "<group>";
		};
		5233FE3F28663CB200C540AD /* Resources */ = {
			isa = PBXGroup;
			children = (
				5233FE3328663BBA00C540AD /* Assets.xcassets */,
				5233FE662866455A00C540AD /* Localizable.strings */,
			);
			path = Resources;
			sourceTree = "<group>";
		};
		5233FE4028663CFD00C540AD /* Data */ = {
			isa = PBXGroup;
			children = (
				5233FE4228663D0F00C540AD /* Repositories */,
				5233FE4128663D0600C540AD /* Network */,
			);
			path = Data;
			sourceTree = "<group>";
		};
		5233FE4128663D0600C540AD /* Network */ = {
			isa = PBXGroup;
			children = (
				5233FE4E2866443900C540AD /* RequesterProtocols */,
				5233FE502866443900C540AD /* DTOs */,
				5233FE4B2866443900C540AD /* APIs */,
				5233FE462866443900C540AD /* Requests */,
				5233FE742866537700C540AD /* APIResponse.swift */,
				5233FE492866443900C540AD /* Network.swift */,
				5233FE4A2866443900C540AD /* BaseError.swift */,
			);
			path = Network;
			sourceTree = "<group>";
		};
		5233FE4228663D0F00C540AD /* Repositories */ = {
			isa = PBXGroup;
			children = (
				5233FE602866445600C540AD /* PropertyRepository.swift */,
			);
			path = Repositories;
			sourceTree = "<group>";
		};
		5233FE4328663E4C00C540AD /* Domain */ = {
			isa = PBXGroup;
			children = (
				5233FE4428663E5900C540AD /* Entities */,
				5233FE4528663E6B00C540AD /* UseCases */,
			);
			path = Domain;
			sourceTree = "<group>";
		};
		5233FE4428663E5900C540AD /* Entities */ = {
			isa = PBXGroup;
			children = (
				5233FE6D286645FB00C540AD /* Property.swift */,
				5233FE6E286645FB00C540AD /* PropertiesPage.swift */,
				5233FE6C286645FB00C540AD /* PropertyDetails.swift */,
				52C903832867712D009510D4 /* AppError.swift */,
			);
			path = Entities;
			sourceTree = "<group>";
		};
		5233FE4528663E6B00C540AD /* UseCases */ = {
			isa = PBXGroup;
			children = (
				5233FE872866A2AF00C540AD /* PropertiesListUseCase.swift */,
				52C9039F286799D6009510D4 /* PropertyDetailsUseCase.swift */,
			);
			path = UseCases;
			sourceTree = "<group>";
		};
		5233FE462866443900C540AD /* Requests */ = {
			isa = PBXGroup;
			children = (
				5233FE472866443900C540AD /* BaseReqeust.swift */,
				5233FE482866443900C540AD /* PropertiesRequest.swift */,
			);
			path = Requests;
			sourceTree = "<group>";
		};
		5233FE4B2866443900C540AD /* APIs */ = {
			isa = PBXGroup;
			children = (
				5233FE4C2866443900C540AD /* BaseAPI.swift */,
				5233FE4D2866443900C540AD /* PropertyAPI.swift */,
			);
			path = APIs;
			sourceTree = "<group>";
		};
		5233FE4E2866443900C540AD /* RequesterProtocols */ = {
			isa = PBXGroup;
			children = (
				5233FE4F2866443900C540AD /* PropertyRequester.swift */,
			);
			path = RequesterProtocols;
			sourceTree = "<group>";
		};
		5233FE502866443900C540AD /* DTOs */ = {
			isa = PBXGroup;
			children = (
				5233FE522866443900C540AD /* PropertyDTO.swift */,
				5233FE7628665A2800C540AD /* PropertyPageDTO.swift */,
				5233FE7928665D9000C540AD /* PropertiesListDTO.swift */,
				5233FE512866443900C540AD /* PropertyDetailsDTO.swift */,
			);
			path = DTOs;
			sourceTree = "<group>";
		};
		5233FE672866458100C540AD /* Utils */ = {
			isa = PBXGroup;
			children = (
				52C9037E286768E6009510D4 /* Views */,
				5233FE68286645A200C540AD /* Extensions */,
				5233FE722866493900C540AD /* Globals.swift */,
			);
			path = Utils;
			sourceTree = "<group>";
		};
		5233FE68286645A200C540AD /* Extensions */ = {
			isa = PBXGroup;
			children = (
				5233FE69286645A800C540AD /* String+Localizable.swift */,
				5233FE85286693E300C540AD /* Image+Constants.swift */,
			);
			path = Extensions;
			sourceTree = "<group>";
		};
		5233FE7B28668E4800C540AD /* PropertiesList */ = {
			isa = PBXGroup;
			children = (
				52C90397286796BA009510D4 /* View */,
				52C90398286796D2009510D4 /* ViewModel */,
				52C90399286796DE009510D4 /* Navigator */,
			);
			path = PropertiesList;
			sourceTree = "<group>";
		};
		5233FE80286690E400C540AD /* PropertyItem */ = {
			isa = PBXGroup;
			children = (
				5233FE812866910000C540AD /* PropertyItemView.swift */,
				5233FE832866910700C540AD /* PropertyItem.swift */,
			);
			path = PropertyItem;
			sourceTree = "<group>";
		};
		52C9037B286748FC009510D4 /* BaseClasses */ = {
			isa = PBXGroup;
			children = (
				52C90385286771CC009510D4 /* BaseViewModel.swift */,
			);
			path = BaseClasses;
			sourceTree = "<group>";
		};
		52C9037E286768E6009510D4 /* Views */ = {
			isa = PBXGroup;
			children = (
				52C9037F2867691A009510D4 /* LoadingView.swift */,
				52C9039528678F98009510D4 /* PropertyImage.swift */,
			);
			path = Views;
			sourceTree = "<group>";
		};
		52C9038728677D1F009510D4 /* PropertyDetails */ = {
			isa = PBXGroup;
			children = (
				52C9039A286796E8009510D4 /* View */,
				52C9039B286796EC009510D4 /* ViewModel */,
				52C9039C286796F3009510D4 /* Navigator */,
			);
			path = PropertyDetails;
			sourceTree = "<group>";
		};
		52C90397286796BA009510D4 /* View */ = {
			isa = PBXGroup;
			children = (
				5233FE80286690E400C540AD /* PropertyItem */,
				5233FE7C28668E5C00C540AD /* PropertiesListView.swift */,
			);
			path = View;
			sourceTree = "<group>";
		};
		52C90398286796D2009510D4 /* ViewModel */ = {
			isa = PBXGroup;
			children = (
				5233FE7E28668E6600C540AD /* PropertiesListViewModel.swift */,
			);
			path = ViewModel;
			sourceTree = "<group>";
		};
		52C90399286796DE009510D4 /* Navigator */ = {
			isa = PBXGroup;
			children = (
				52C9038C28677EFD009510D4 /* PropertiesListNavigator.swift */,
			);
			path = Navigator;
			sourceTree = "<group>";
		};
		52C9039A286796E8009510D4 /* View */ = {
			isa = PBXGroup;
			children = (
				52C9038828677D33009510D4 /* PropertyDetailsView.swift */,
				52C9039D28679817009510D4 /* PropertyDetailsItem.swift */,
			);
			path = View;
			sourceTree = "<group>";
		};
		52C9039B286796EC009510D4 /* ViewModel */ = {
			isa = PBXGroup;
			children = (
				52C9038A28677D3E009510D4 /* PropertyDetailsViewModel.swift */,
			);
			path = ViewModel;
			sourceTree = "<group>";
		};
		52C9039C286796F3009510D4 /* Navigator */ = {
			isa = PBXGroup;
			children = (
				52C9039328678284009510D4 /* PropertyDetailsNavigator.swift */,
			);
			path = Navigator;
			sourceTree = "<group>";
		};
		52C903A62867A819009510D4 /* ProperigramTests */ = {
			isa = PBXGroup;
			children = (
				52C903AF2867A8F3009510D4 /* Mocks */,
				52C903AE2867A8DE009510D4 /* PropertiesListTests */,
				52CBA4C72867D22E00CBB8C8 /* PropertyDetailsTests */,
				52CBA4CA2867D25700CBB8C8 /* Extensions */,
			);
			path = ProperigramTests;
			sourceTree = "<group>";
		};
		52C903AE2867A8DE009510D4 /* PropertiesListTests */ = {
			isa = PBXGroup;
			children = (
				52CBA4C22867AC6800CBB8C8 /* PropertiesListViewModelTests.swift */,
			);
			path = PropertiesListTests;
			sourceTree = "<group>";
		};
		52C903AF2867A8F3009510D4 /* Mocks */ = {
			isa = PBXGroup;
			children = (
				52CBA4BD2867AB4700CBB8C8 /* Entities */,
				52C903B02867A8F9009510D4 /* UseCases */,
				52CBA4BA2867AA4300CBB8C8 /* Repositories */,
			);
			path = Mocks;
			sourceTree = "<group>";
		};
		52C903B02867A8F9009510D4 /* UseCases */ = {
			isa = PBXGroup;
			children = (
				52C903B12867A911009510D4 /* PropertiesListUseCaseMock.swift */,
				52CBA4B82867A9E100CBB8C8 /* PropertyDetailsUseCaseMock.swift */,
			);
			path = UseCases;
			sourceTree = "<group>";
		};
		52CBA4BA2867AA4300CBB8C8 /* Repositories */ = {
			isa = PBXGroup;
			children = (
				52CBA4BB2867AA6A00CBB8C8 /* PropertyRepositoryMock.swift */,
			);
			path = Repositories;
			sourceTree = "<group>";
		};
		52CBA4BD2867AB4700CBB8C8 /* Entities */ = {
			isa = PBXGroup;
			children = (
				52CBA4BE2867AB6800CBB8C8 /* PropertiesDataMocks.swift */,
			);
			path = Entities;
			sourceTree = "<group>";
		};
		52CBA4C72867D22E00CBB8C8 /* PropertyDetailsTests */ = {
			isa = PBXGroup;
			children = (
				52CBA4C82867D24B00CBB8C8 /* PropertyDetailsViewModelTests.swift */,
			);
			path = PropertyDetailsTests;
			sourceTree = "<group>";
		};
		52CBA4CA2867D25700CBB8C8 /* Extensions */ = {
			isa = PBXGroup;
			children = (
				52CBA4C42867BF3E00CBB8C8 /* XCTestCase+Wait.swift */,
			);
			path = Extensions;
			sourceTree = "<group>";
		};
		65AA82791BB6800177B49155 /* Frameworks */ = {
			isa = PBXGroup;
			children = (
				2FD9B0F789534C851088ECDA /* libPods-Properigram.a */,
				6874D1CC6A38D2B24F5C9BD6 /* libPods-ProperigramTests.a */,
			);
			name = Frameworks;
			sourceTree = "<group>";
		};
		FE1F7A85C2CCC34DC225031F /* Pods */ = {
			isa = PBXGroup;
			children = (
				B0420D90799B62F9A2BA5EA0 /* Pods-Properigram.debug.xcconfig */,
				747DE519D8E415DDB9EA7036 /* Pods-Properigram.release.xcconfig */,
				41457800624BF99020D197BB /* Pods-ProperigramTests.debug.xcconfig */,
				75F2785DF81B4E214BB7CC1B /* Pods-ProperigramTests.release.xcconfig */,
			);
			path = Pods;
			sourceTree = "<group>";
		};
/* End PBXGroup section */

/* Begin PBXNativeTarget section */
		5233FE2B28663BB800C540AD /* Properigram */ = {
			isa = PBXNativeTarget;
			buildConfigurationList = 5233FE3A28663BBA00C540AD /* Build configuration list for PBXNativeTarget "Properigram" */;
			buildPhases = (
				B92E3C98D614C73AC433CB3C /* [CP] Check Pods Manifest.lock */,
				5233FE2828663BB800C540AD /* Sources */,
				5233FE2928663BB800C540AD /* Frameworks */,
				5233FE2A28663BB800C540AD /* Resources */,
			);
			buildRules = (
			);
			dependencies = (
			);
			name = Properigram;
			productName = Properigram;
			productReference = 5233FE2C28663BB800C540AD /* Properigram.app */;
			productType = "com.apple.product-type.application";
		};
		52C903A42867A819009510D4 /* ProperigramTests */ = {
			isa = PBXNativeTarget;
			buildConfigurationList = 52C903AB2867A819009510D4 /* Build configuration list for PBXNativeTarget "ProperigramTests" */;
			buildPhases = (
				2E48AA2BFB229DECB40E9B5C /* [CP] Check Pods Manifest.lock */,
				52C903A12867A819009510D4 /* Sources */,
				52C903A22867A819009510D4 /* Frameworks */,
				52C903A32867A819009510D4 /* Resources */,
			);
			buildRules = (
			);
			dependencies = (
				52C903AA2867A819009510D4 /* PBXTargetDependency */,
			);
			name = ProperigramTests;
			productName = ProperigramTests;
			productReference = 52C903A52867A819009510D4 /* ProperigramTests.xctest */;
			productType = "com.apple.product-type.bundle.unit-test";
		};
/* End PBXNativeTarget section */

/* Begin PBXProject section */
		5233FE2428663BB800C540AD /* Project object */ = {
			isa = PBXProject;
			attributes = {
				BuildIndependentTargetsInParallel = 1;
				LastSwiftUpdateCheck = 1340;
				LastUpgradeCheck = 1340;
				TargetAttributes = {
					5233FE2B28663BB800C540AD = {
						CreatedOnToolsVersion = 13.4.1;
					};
					52C903A42867A819009510D4 = {
						CreatedOnToolsVersion = 13.4.1;
						TestTargetID = 5233FE2B28663BB800C540AD;
					};
				};
			};
			buildConfigurationList = 5233FE2728663BB800C540AD /* Build configuration list for PBXProject "Properigram" */;
			compatibilityVersion = "Xcode 13.0";
			developmentRegion = en;
			hasScannedForEncodings = 0;
			knownRegions = (
				en,
				Base,
			);
			mainGroup = 5233FE2328663BB800C540AD;
			productRefGroup = 5233FE2D28663BB800C540AD /* Products */;
			projectDirPath = "";
			projectRoot = "";
			targets = (
				5233FE2B28663BB800C540AD /* Properigram */,
				52C903A42867A819009510D4 /* ProperigramTests */,
			);
		};
/* End PBXProject section */

/* Begin PBXResourcesBuildPhase section */
		5233FE2A28663BB800C540AD /* Resources */ = {
			isa = PBXResourcesBuildPhase;
			buildActionMask = 2147483647;
			files = (
				5233FE3728663BBA00C540AD /* Preview Assets.xcassets in Resources */,
				5233FE642866455A00C540AD /* Localizable.strings in Resources */,
				5233FE3428663BBA00C540AD /* Assets.xcassets in Resources */,
			);
			runOnlyForDeploymentPostprocessing = 0;
		};
		52C903A32867A819009510D4 /* Resources */ = {
			isa = PBXResourcesBuildPhase;
			buildActionMask = 2147483647;
			files = (
			);
			runOnlyForDeploymentPostprocessing = 0;
		};
/* End PBXResourcesBuildPhase section */

/* Begin PBXShellScriptBuildPhase section */
		2E48AA2BFB229DECB40E9B5C /* [CP] Check Pods Manifest.lock */ = {
			isa = PBXShellScriptBuildPhase;
			buildActionMask = 2147483647;
			files = (
			);
			inputFileListPaths = (
			);
			inputPaths = (
				"${PODS_PODFILE_DIR_PATH}/Podfile.lock",
				"${PODS_ROOT}/Manifest.lock",
			);
			name = "[CP] Check Pods Manifest.lock";
			outputFileListPaths = (
			);
			outputPaths = (
				"$(DERIVED_FILE_DIR)/Pods-ProperigramTests-checkManifestLockResult.txt",
			);
			runOnlyForDeploymentPostprocessing = 0;
			shellPath = /bin/sh;
			shellScript = "diff \"${PODS_PODFILE_DIR_PATH}/Podfile.lock\" \"${PODS_ROOT}/Manifest.lock\" > /dev/null\nif [ $? != 0 ] ; then\n    # print error to STDERR\n    echo \"error: The sandbox is not in sync with the Podfile.lock. Run 'pod install' or update your CocoaPods installation.\" >&2\n    exit 1\nfi\n# This output is used by Xcode 'outputs' to avoid re-running this script phase.\necho \"SUCCESS\" > \"${SCRIPT_OUTPUT_FILE_0}\"\n";
			showEnvVarsInLog = 0;
		};
		B92E3C98D614C73AC433CB3C /* [CP] Check Pods Manifest.lock */ = {
			isa = PBXShellScriptBuildPhase;
			buildActionMask = 2147483647;
			files = (
			);
			inputFileListPaths = (
			);
			inputPaths = (
				"${PODS_PODFILE_DIR_PATH}/Podfile.lock",
				"${PODS_ROOT}/Manifest.lock",
			);
			name = "[CP] Check Pods Manifest.lock";
			outputFileListPaths = (
			);
			outputPaths = (
				"$(DERIVED_FILE_DIR)/Pods-Properigram-checkManifestLockResult.txt",
			);
			runOnlyForDeploymentPostprocessing = 0;
			shellPath = /bin/sh;
			shellScript = "diff \"${PODS_PODFILE_DIR_PATH}/Podfile.lock\" \"${PODS_ROOT}/Manifest.lock\" > /dev/null\nif [ $? != 0 ] ; then\n    # print error to STDERR\n    echo \"error: The sandbox is not in sync with the Podfile.lock. Run 'pod install' or update your CocoaPods installation.\" >&2\n    exit 1\nfi\n# This output is used by Xcode 'outputs' to avoid re-running this script phase.\necho \"SUCCESS\" > \"${SCRIPT_OUTPUT_FILE_0}\"\n";
			showEnvVarsInLog = 0;
		};
/* End PBXShellScriptBuildPhase section */

/* Begin PBXSourcesBuildPhase section */
		5233FE2828663BB800C540AD /* Sources */ = {
			isa = PBXSourcesBuildPhase;
			buildActionMask = 2147483647;
			files = (
				5233FE5B2866443900C540AD /* PropertyRequester.swift in Sources */,
				5233FE842866910700C540AD /* PropertyItem.swift in Sources */,
				5233FE572866443900C540AD /* Network.swift in Sources */,
				5233FE7D28668E5C00C540AD /* PropertiesListView.swift in Sources */,
				52C9039628678F98009510D4 /* PropertyImage.swift in Sources */,
				52C9038928677D33009510D4 /* PropertyDetailsView.swift in Sources */,
				5233FE582866443900C540AD /* BaseError.swift in Sources */,
				52C9038D28677EFD009510D4 /* PropertiesListNavigator.swift in Sources */,
				52C9039E28679817009510D4 /* PropertyDetailsItem.swift in Sources */,
				5233FE5D2866443900C540AD /* PropertyDTO.swift in Sources */,
				5233FE612866445600C540AD /* PropertyRepository.swift in Sources */,
				52C903802867691A009510D4 /* LoadingView.swift in Sources */,
				5233FE70286645FB00C540AD /* Property.swift in Sources */,
				5233FE5A2866443900C540AD /* PropertyAPI.swift in Sources */,
				5233FE732866493900C540AD /* Globals.swift in Sources */,
				5233FE7728665A2800C540AD /* PropertyPageDTO.swift in Sources */,
				5233FE86286693E300C540AD /* Image+Constants.swift in Sources */,
				52C9039228677F94009510D4 /* AppicationFlow.swift in Sources */,
				5233FE7A28665D9000C540AD /* PropertiesListDTO.swift in Sources */,
				5233FE882866A2AF00C540AD /* PropertiesListUseCase.swift in Sources */,
				5233FE3028663BB800C540AD /* ProperigramApp.swift in Sources */,
				5233FE7F28668E6600C540AD /* PropertiesListViewModel.swift in Sources */,
				52C9039428678284009510D4 /* PropertyDetailsNavigator.swift in Sources */,
				52C90386286771CC009510D4 /* BaseViewModel.swift in Sources */,
				5233FE6F286645FB00C540AD /* PropertyDetails.swift in Sources */,
				52C9038B28677D3E009510D4 /* PropertyDetailsViewModel.swift in Sources */,
				5233FE562866443900C540AD /* PropertiesRequest.swift in Sources */,
				52C903842867712D009510D4 /* AppError.swift in Sources */,
				5233FE5C2866443900C540AD /* PropertyDetailsDTO.swift in Sources */,
				5233FE822866910000C540AD /* PropertyItemView.swift in Sources */,
				5233FE552866443900C540AD /* BaseReqeust.swift in Sources */,
				52C903A0286799D6009510D4 /* PropertyDetailsUseCase.swift in Sources */,
				5233FE592866443900C540AD /* BaseAPI.swift in Sources */,
				5233FE71286645FB00C540AD /* PropertiesPage.swift in Sources */,
				5233FE6A286645A800C540AD /* String+Localizable.swift in Sources */,
				5233FE752866537700C540AD /* APIResponse.swift in Sources */,
			);
			runOnlyForDeploymentPostprocessing = 0;
		};
		52C903A12867A819009510D4 /* Sources */ = {
			isa = PBXSourcesBuildPhase;
			buildActionMask = 2147483647;
			files = (
				52CBA4B92867A9E100CBB8C8 /* PropertyDetailsUseCaseMock.swift in Sources */,
				52CBA4C32867AC6800CBB8C8 /* PropertiesListViewModelTests.swift in Sources */,
				52C903B22867A911009510D4 /* PropertiesListUseCaseMock.swift in Sources */,
				52CBA4BC2867AA6A00CBB8C8 /* PropertyRepositoryMock.swift in Sources */,
				52CBA4C92867D24B00CBB8C8 /* PropertyDetailsViewModelTests.swift in Sources */,
				52CBA4BF2867AB6800CBB8C8 /* PropertiesDataMocks.swift in Sources */,
				52CBA4C52867BF3E00CBB8C8 /* XCTestCase+Wait.swift in Sources */,
			);
			runOnlyForDeploymentPostprocessing = 0;
		};
/* End PBXSourcesBuildPhase section */

/* Begin PBXTargetDependency section */
		52C903AA2867A819009510D4 /* PBXTargetDependency */ = {
			isa = PBXTargetDependency;
			target = 5233FE2B28663BB800C540AD /* Properigram */;
			targetProxy = 52C903A92867A819009510D4 /* PBXContainerItemProxy */;
		};
/* End PBXTargetDependency section */

/* Begin PBXVariantGroup section */
		5233FE662866455A00C540AD /* Localizable.strings */ = {
			isa = PBXVariantGroup;
			children = (
				5233FE652866455A00C540AD /* en */,
			);
			name = Localizable.strings;
			sourceTree = "<group>";
		};
/* End PBXVariantGroup section */

/* Begin XCBuildConfiguration section */
		5233FE3828663BBA00C540AD /* Debug */ = {
			isa = XCBuildConfiguration;
			buildSettings = {
				ALWAYS_SEARCH_USER_PATHS = NO;
				CLANG_ANALYZER_NONNULL = YES;
				CLANG_ANALYZER_NUMBER_OBJECT_CONVERSION = YES_AGGRESSIVE;
				CLANG_CXX_LANGUAGE_STANDARD = "gnu++17";
				CLANG_ENABLE_MODULES = YES;
				CLANG_ENABLE_OBJC_ARC = YES;
				CLANG_ENABLE_OBJC_WEAK = YES;
				CLANG_WARN_BLOCK_CAPTURE_AUTORELEASING = YES;
				CLANG_WARN_BOOL_CONVERSION = YES;
				CLANG_WARN_COMMA = YES;
				CLANG_WARN_CONSTANT_CONVERSION = YES;
				CLANG_WARN_DEPRECATED_OBJC_IMPLEMENTATIONS = YES;
				CLANG_WARN_DIRECT_OBJC_ISA_USAGE = YES_ERROR;
				CLANG_WARN_DOCUMENTATION_COMMENTS = YES;
				CLANG_WARN_EMPTY_BODY = YES;
				CLANG_WARN_ENUM_CONVERSION = YES;
				CLANG_WARN_INFINITE_RECURSION = YES;
				CLANG_WARN_INT_CONVERSION = YES;
				CLANG_WARN_NON_LITERAL_NULL_CONVERSION = YES;
				CLANG_WARN_OBJC_IMPLICIT_RETAIN_SELF = YES;
				CLANG_WARN_OBJC_LITERAL_CONVERSION = YES;
				CLANG_WARN_OBJC_ROOT_CLASS = YES_ERROR;
				CLANG_WARN_QUOTED_INCLUDE_IN_FRAMEWORK_HEADER = YES;
				CLANG_WARN_RANGE_LOOP_ANALYSIS = YES;
				CLANG_WARN_STRICT_PROTOTYPES = YES;
				CLANG_WARN_SUSPICIOUS_MOVE = YES;
				CLANG_WARN_UNGUARDED_AVAILABILITY = YES_AGGRESSIVE;
				CLANG_WARN_UNREACHABLE_CODE = YES;
				CLANG_WARN__DUPLICATE_METHOD_MATCH = YES;
				COPY_PHASE_STRIP = NO;
				DEBUG_INFORMATION_FORMAT = dwarf;
				ENABLE_STRICT_OBJC_MSGSEND = YES;
				ENABLE_TESTABILITY = YES;
				GCC_C_LANGUAGE_STANDARD = gnu11;
				GCC_DYNAMIC_NO_PIC = NO;
				GCC_NO_COMMON_BLOCKS = YES;
				GCC_OPTIMIZATION_LEVEL = 0;
				GCC_PREPROCESSOR_DEFINITIONS = (
					"DEBUG=1",
					"$(inherited)",
				);
				GCC_WARN_64_TO_32_BIT_CONVERSION = YES;
				GCC_WARN_ABOUT_RETURN_TYPE = YES_ERROR;
				GCC_WARN_UNDECLARED_SELECTOR = YES;
				GCC_WARN_UNINITIALIZED_AUTOS = YES_AGGRESSIVE;
				GCC_WARN_UNUSED_FUNCTION = YES;
				GCC_WARN_UNUSED_VARIABLE = YES;
				IPHONEOS_DEPLOYMENT_TARGET = 15.5;
				MTL_ENABLE_DEBUG_INFO = INCLUDE_SOURCE;
				MTL_FAST_MATH = YES;
				ONLY_ACTIVE_ARCH = YES;
				SDKROOT = iphoneos;
				SWIFT_ACTIVE_COMPILATION_CONDITIONS = DEBUG;
				SWIFT_OPTIMIZATION_LEVEL = "-Onone";
			};
			name = Debug;
		};
		5233FE3928663BBA00C540AD /* Release */ = {
			isa = XCBuildConfiguration;
			buildSettings = {
				ALWAYS_SEARCH_USER_PATHS = NO;
				CLANG_ANALYZER_NONNULL = YES;
				CLANG_ANALYZER_NUMBER_OBJECT_CONVERSION = YES_AGGRESSIVE;
				CLANG_CXX_LANGUAGE_STANDARD = "gnu++17";
				CLANG_ENABLE_MODULES = YES;
				CLANG_ENABLE_OBJC_ARC = YES;
				CLANG_ENABLE_OBJC_WEAK = YES;
				CLANG_WARN_BLOCK_CAPTURE_AUTORELEASING = YES;
				CLANG_WARN_BOOL_CONVERSION = YES;
				CLANG_WARN_COMMA = YES;
				CLANG_WARN_CONSTANT_CONVERSION = YES;
				CLANG_WARN_DEPRECATED_OBJC_IMPLEMENTATIONS = YES;
				CLANG_WARN_DIRECT_OBJC_ISA_USAGE = YES_ERROR;
				CLANG_WARN_DOCUMENTATION_COMMENTS = YES;
				CLANG_WARN_EMPTY_BODY = YES;
				CLANG_WARN_ENUM_CONVERSION = YES;
				CLANG_WARN_INFINITE_RECURSION = YES;
				CLANG_WARN_INT_CONVERSION = YES;
				CLANG_WARN_NON_LITERAL_NULL_CONVERSION = YES;
				CLANG_WARN_OBJC_IMPLICIT_RETAIN_SELF = YES;
				CLANG_WARN_OBJC_LITERAL_CONVERSION = YES;
				CLANG_WARN_OBJC_ROOT_CLASS = YES_ERROR;
				CLANG_WARN_QUOTED_INCLUDE_IN_FRAMEWORK_HEADER = YES;
				CLANG_WARN_RANGE_LOOP_ANALYSIS = YES;
				CLANG_WARN_STRICT_PROTOTYPES = YES;
				CLANG_WARN_SUSPICIOUS_MOVE = YES;
				CLANG_WARN_UNGUARDED_AVAILABILITY = YES_AGGRESSIVE;
				CLANG_WARN_UNREACHABLE_CODE = YES;
				CLANG_WARN__DUPLICATE_METHOD_MATCH = YES;
				COPY_PHASE_STRIP = NO;
				DEBUG_INFORMATION_FORMAT = "dwarf-with-dsym";
				ENABLE_NS_ASSERTIONS = NO;
				ENABLE_STRICT_OBJC_MSGSEND = YES;
				GCC_C_LANGUAGE_STANDARD = gnu11;
				GCC_NO_COMMON_BLOCKS = YES;
				GCC_WARN_64_TO_32_BIT_CONVERSION = YES;
				GCC_WARN_ABOUT_RETURN_TYPE = YES_ERROR;
				GCC_WARN_UNDECLARED_SELECTOR = YES;
				GCC_WARN_UNINITIALIZED_AUTOS = YES_AGGRESSIVE;
				GCC_WARN_UNUSED_FUNCTION = YES;
				GCC_WARN_UNUSED_VARIABLE = YES;
				IPHONEOS_DEPLOYMENT_TARGET = 15.5;
				MTL_ENABLE_DEBUG_INFO = NO;
				MTL_FAST_MATH = YES;
				SDKROOT = iphoneos;
				SWIFT_COMPILATION_MODE = wholemodule;
				SWIFT_OPTIMIZATION_LEVEL = "-O";
				VALIDATE_PRODUCT = YES;
			};
			name = Release;
		};
		5233FE3B28663BBA00C540AD /* Debug */ = {
			isa = XCBuildConfiguration;
			baseConfigurationReference = B0420D90799B62F9A2BA5EA0 /* Pods-Properigram.debug.xcconfig */;
			buildSettings = {
				ASSETCATALOG_COMPILER_APPICON_NAME = AppIcon;
				ASSETCATALOG_COMPILER_GLOBAL_ACCENT_COLOR_NAME = AccentColor;
				CODE_SIGN_STYLE = Automatic;
				CURRENT_PROJECT_VERSION = 1;
				DEVELOPMENT_ASSET_PATHS = "\"Properigram/Preview Content\"";
				DEVELOPMENT_TEAM = 52W72N842G;
				ENABLE_PREVIEWS = YES;
				GENERATE_INFOPLIST_FILE = YES;
				INFOPLIST_KEY_UIApplicationSceneManifest_Generation = YES;
				INFOPLIST_KEY_UIApplicationSupportsIndirectInputEvents = YES;
				INFOPLIST_KEY_UILaunchScreen_Generation = YES;
				INFOPLIST_KEY_UISupportedInterfaceOrientations_iPad = "UIInterfaceOrientationPortrait UIInterfaceOrientationPortraitUpsideDown UIInterfaceOrientationLandscapeLeft UIInterfaceOrientationLandscapeRight";
				INFOPLIST_KEY_UISupportedInterfaceOrientations_iPhone = "UIInterfaceOrientationPortrait UIInterfaceOrientationLandscapeLeft UIInterfaceOrientationLandscapeRight";
				LD_RUNPATH_SEARCH_PATHS = (
					"$(inherited)",
					"@executable_path/Frameworks",
				);
				MARKETING_VERSION = 1.0;
				PRODUCT_BUNDLE_IDENTIFIER = com.samir01.Properigram;
				PRODUCT_NAME = "$(TARGET_NAME)";
				SWIFT_EMIT_LOC_STRINGS = YES;
				SWIFT_VERSION = 5.0;
				TARGETED_DEVICE_FAMILY = "1,2";
			};
			name = Debug;
		};
		5233FE3C28663BBA00C540AD /* Release */ = {
			isa = XCBuildConfiguration;
			baseConfigurationReference = 747DE519D8E415DDB9EA7036 /* Pods-Properigram.release.xcconfig */;
			buildSettings = {
				ASSETCATALOG_COMPILER_APPICON_NAME = AppIcon;
				ASSETCATALOG_COMPILER_GLOBAL_ACCENT_COLOR_NAME = AccentColor;
				CODE_SIGN_STYLE = Automatic;
				CURRENT_PROJECT_VERSION = 1;
				DEVELOPMENT_ASSET_PATHS = "\"Properigram/Preview Content\"";
				DEVELOPMENT_TEAM = 52W72N842G;
				ENABLE_PREVIEWS = YES;
				GENERATE_INFOPLIST_FILE = YES;
				INFOPLIST_KEY_UIApplicationSceneManifest_Generation = YES;
				INFOPLIST_KEY_UIApplicationSupportsIndirectInputEvents = YES;
				INFOPLIST_KEY_UILaunchScreen_Generation = YES;
				INFOPLIST_KEY_UISupportedInterfaceOrientations_iPad = "UIInterfaceOrientationPortrait UIInterfaceOrientationPortraitUpsideDown UIInterfaceOrientationLandscapeLeft UIInterfaceOrientationLandscapeRight";
				INFOPLIST_KEY_UISupportedInterfaceOrientations_iPhone = "UIInterfaceOrientationPortrait UIInterfaceOrientationLandscapeLeft UIInterfaceOrientationLandscapeRight";
				LD_RUNPATH_SEARCH_PATHS = (
					"$(inherited)",
					"@executable_path/Frameworks",
				);
				MARKETING_VERSION = 1.0;
				PRODUCT_BUNDLE_IDENTIFIER = com.samir01.Properigram;
				PRODUCT_NAME = "$(TARGET_NAME)";
				SWIFT_EMIT_LOC_STRINGS = YES;
				SWIFT_VERSION = 5.0;
				TARGETED_DEVICE_FAMILY = "1,2";
			};
			name = Release;
		};
		52C903AC2867A819009510D4 /* Debug */ = {
			isa = XCBuildConfiguration;
			baseConfigurationReference = 41457800624BF99020D197BB /* Pods-ProperigramTests.debug.xcconfig */;
			buildSettings = {
				BUNDLE_LOADER = "$(TEST_HOST)";
				CODE_SIGN_STYLE = Automatic;
				CURRENT_PROJECT_VERSION = 1;
				DEVELOPMENT_TEAM = 52W72N842G;
				GENERATE_INFOPLIST_FILE = YES;
				MARKETING_VERSION = 1.0;
				PRODUCT_BUNDLE_IDENTIFIER = com.samir01.ProperigramTests;
				PRODUCT_NAME = "$(TARGET_NAME)";
				SWIFT_EMIT_LOC_STRINGS = NO;
				SWIFT_VERSION = 5.0;
				TARGETED_DEVICE_FAMILY = "1,2";
				TEST_HOST = "$(BUILT_PRODUCTS_DIR)/Properigram.app/Properigram";
			};
			name = Debug;
		};
		52C903AD2867A819009510D4 /* Release */ = {
			isa = XCBuildConfiguration;
			baseConfigurationReference = 75F2785DF81B4E214BB7CC1B /* Pods-ProperigramTests.release.xcconfig */;
			buildSettings = {
				BUNDLE_LOADER = "$(TEST_HOST)";
				CODE_SIGN_STYLE = Automatic;
				CURRENT_PROJECT_VERSION = 1;
				DEVELOPMENT_TEAM = 52W72N842G;
				GENERATE_INFOPLIST_FILE = YES;
				MARKETING_VERSION = 1.0;
				PRODUCT_BUNDLE_IDENTIFIER = com.samir01.ProperigramTests;
				PRODUCT_NAME = "$(TARGET_NAME)";
				SWIFT_EMIT_LOC_STRINGS = NO;
				SWIFT_VERSION = 5.0;
				TARGETED_DEVICE_FAMILY = "1,2";
				TEST_HOST = "$(BUILT_PRODUCTS_DIR)/Properigram.app/Properigram";
			};
			name = Release;
		};
/* End XCBuildConfiguration section */

/* Begin XCConfigurationList section */
		5233FE2728663BB800C540AD /* Build configuration list for PBXProject "Properigram" */ = {
			isa = XCConfigurationList;
			buildConfigurations = (
				5233FE3828663BBA00C540AD /* Debug */,
				5233FE3928663BBA00C540AD /* Release */,
			);
			defaultConfigurationIsVisible = 0;
			defaultConfigurationName = Release;
		};
		5233FE3A28663BBA00C540AD /* Build configuration list for PBXNativeTarget "Properigram" */ = {
			isa = XCConfigurationList;
			buildConfigurations = (
				5233FE3B28663BBA00C540AD /* Debug */,
				5233FE3C28663BBA00C540AD /* Release */,
			);
			defaultConfigurationIsVisible = 0;
			defaultConfigurationName = Release;
		};
		52C903AB2867A819009510D4 /* Build configuration list for PBXNativeTarget "ProperigramTests" */ = {
			isa = XCConfigurationList;
			buildConfigurations = (
				52C903AC2867A819009510D4 /* Debug */,
				52C903AD2867A819009510D4 /* Release */,
			);
			defaultConfigurationIsVisible = 0;
			defaultConfigurationName = Release;
		};
/* End XCConfigurationList section */
	};
	rootObject = 5233FE2428663BB800C540AD /* Project object */;
}
